
Microsoft Visual Studio Solution File, Format Version 12.00
# Visual Studio Version 17
VisualStudioVersion = 17.1.32210.238
MinimumVisualStudioVersion = 10.0.40219.1
Project("{9A19103F-16F7-4668-BE54-9A1E7A4F7556}") = "MiageCorp.AwesomeShop.Product", "MiageCorp.AwesomeShop.Product\MiageCorp.AwesomeShop.Product.csproj", "{9DFEE336-C255-4B4C-9737-7F8B134FF37C}"
EndProject
Project("{9A19103F-16F7-4668-BE54-9A1E7A4F7556}") = "MiageCorp.AwesomeShop.Basket", "..\..\..\Desktop\miage-2022\MiageCorp.AwesomeShop.Basket\MiageCorp.AwesomeShop.Basket\MiageCorp.AwesomeShop.Basket.csproj", "{7E2B2BEC-1CD3-422D-B18C-91B664044A10}"
EndProject
Global
	GlobalSection(SolutionConfigurationPlatforms) = preSolution
		Debug|Any CPU = Debug|Any CPU
		Release|Any CPU = Release|Any CPU
	EndGlobalSection
	GlobalSection(ProjectConfigurationPlatforms) = postSolution
		{9DFEE336-C255-4B4C-9737-7F8B134FF37C}.Debug|Any CPU.ActiveCfg = Debug|Any CPU
		{9DFEE336-C255-4B4C-9737-7F8B134FF37C}.Debug|Any CPU.Build.0 = Debug|Any CPU
		{9DFEE336-C255-4B4C-9737-7F8B134FF37C}.Release|Any CPU.ActiveCfg = Release|Any CPU
		{9DFEE336-C255-4B4C-9737-7F8B134FF37C}.Release|Any CPU.Build.0 = Release|Any CPU
		{7E2B2BEC-1CD3-422D-B18C-91B664044A10}.Debug|Any CPU.ActiveCfg = Debug|Any CPU
		{7E2B2BEC-1CD3-422D-B18C-91B664044A10}.Debug|Any CPU.Build.0 = Debug|Any CPU
		{7E2B2BEC-1CD3-422D-B18C-91B664044A10}.Release|Any CPU.ActiveCfg = Release|Any CPU
		{7E2B2BEC-1CD3-422D-B18C-91B664044A10}.Release|Any CPU.Build.0 = Release|Any CPU
	EndGlobalSection
	GlobalSection(SolutionProperties) = preSolution
		HideSolutionNode = FALSE
	EndGlobalSection
	GlobalSection(ExtensibilityGlobals) = postSolution
		SolutionGuid = {0DBA7445-7056-4341-896A-60A28694C31B}
	EndGlobalSection
EndGlobal
